
Microsoft Visual Studio Solution File, Format Version 12.00
# Visual Studio Version 16
VisualStudioVersion = 16.0.31515.178
MinimumVisualStudioVersion = 10.0.40219.1
Project("{FAE04EC0-301F-11D3-BF4B-00C04F79EFBC}") = "CommForStudent", "CommForStudent\CommForStudent.csproj", "{D9766DE4-4C60-49F9-B370-3E499B4499FA}"
EndProject
Global
	GlobalSection(SolutionConfigurationPlatforms) = preSolution
		Debug|Any CPU = Debug|Any CPU
		Release|Any CPU = Release|Any CPU
	EndGlobalSection
	GlobalSection(ProjectConfigurationPlatforms) = postSolution
		{D9766DE4-4C60-49F9-B370-3E499B4499FA}.Debug|Any CPU.ActiveCfg = Debug|Any CPU
		{D9766DE4-4C60-49F9-B370-3E499B4499FA}.Debug|Any CPU.Build.0 = Debug|Any CPU
		{D9766DE4-4C60-49F9-B370-3E499B4499FA}.Release|Any CPU.ActiveCfg = Release|Any CPU
		{D9766DE4-4C60-49F9-B370-3E499B4499FA}.Release|Any CPU.Build.0 = Release|Any CPU
	EndGlobalSection
	GlobalSection(SolutionProperties) = preSolution
		HideSolutionNode = FALSE
	EndGlobalSection
	GlobalSection(ExtensibilityGlobals) = postSolution
		SolutionGuid = {CD8D615F-89B8-4D79-AA39-8F5BADC7F6EC}
	EndGlobalSection
EndGlobal
